Microsoft Visual Studio Solution File, Format Version 12.00
# Visual Studio Version 17
VisualStudioVersion = 17.5.2.0
MinimumVisualStudioVersion = 10.0.40219.1
Project("{FAE04EC0-301F-11D3-BF4B-00C04F79EFBC}") = "C# uke fire oppgave", "C# uke fire oppgave.csproj", "{88973D1B-123D-9DB1-6912-9D4FF33BE07D}"
EndProject
Global
	GlobalSection(SolutionConfigurationPlatforms) = preSolution
		Debug|Any CPU = Debug|Any CPU
		Release|Any CPU = Release|Any CPU
	EndGlobalSection
	GlobalSection(ProjectConfigurationPlatforms) = postSolution
		{88973D1B-123D-9DB1-6912-9D4FF33BE07D}.Debug|Any CPU.ActiveCfg = Debug|Any CPU
		{88973D1B-123D-9DB1-6912-9D4FF33BE07D}.Debug|Any CPU.Build.0 = Debug|Any CPU
		{88973D1B-123D-9DB1-6912-9D4FF33BE07D}.Release|Any CPU.ActiveCfg = Release|Any CPU
		{88973D1B-123D-9DB1-6912-9D4FF33BE07D}.Release|Any CPU.Build.0 = Release|Any CPU
	EndGlobalSection
	GlobalSection(SolutionProperties) = preSolution
		HideSolutionNode = FALSE
	EndGlobalSection
	GlobalSection(ExtensibilityGlobals) = postSolution
		SolutionGuid = {273F9489-0D5B-4329-BC1C-065A883C13B5}
	EndGlobalSection
EndGlobal
